
Microsoft Visual Studio Solution File, Format Version 12.00
# Visual Studio Version 16
VisualStudioVersion = 16.0.29911.84
MinimumVisualStudioVersion = 10.0.40219.1
Project("{FAE04EC0-301F-11D3-BF4B-00C04F79EFBC}") = "NetPacketAnalyzer", "NetPacketAnalyzer\NetPacketAnalyzer.csproj", "{546DC629-B6ED-4376-8DBC-0A85F5E861E0}"
EndProject
Project("{FAE04EC0-301F-11D3-BF4B-00C04F79EFBC}") = "AccessDB", "AccessDB\AccessDB.csproj", "{9AC28253-6F19-41A4-B83E-113343E7455A}"
EndProject
Global
	GlobalSection(SolutionConfigurationPlatforms) = preSolution
		Debug|Any CPU = Debug|Any CPU
		Release|Any CPU = Release|Any CPU
	EndGlobalSection
	GlobalSection(ProjectConfigurationPlatforms) = postSolution
		{546DC629-B6ED-4376-8DBC-0A85F5E861E0}.Debug|Any CPU.ActiveCfg = Debug|Any CPU
		{546DC629-B6ED-4376-8DBC-0A85F5E861E0}.Debug|Any CPU.Build.0 = Debug|Any CPU
		{546DC629-B6ED-4376-8DBC-0A85F5E861E0}.Release|Any CPU.ActiveCfg = Release|Any CPU
		{546DC629-B6ED-4376-8DBC-0A85F5E861E0}.Release|Any CPU.Build.0 = Release|Any CPU
		{9AC28253-6F19-41A4-B83E-113343E7455A}.Debug|Any CPU.ActiveCfg = Debug|Any CPU
		{9AC28253-6F19-41A4-B83E-113343E7455A}.Debug|Any CPU.Build.0 = Debug|Any CPU
		{9AC28253-6F19-41A4-B83E-113343E7455A}.Release|Any CPU.ActiveCfg = Release|Any CPU
		{9AC28253-6F19-41A4-B83E-113343E7455A}.Release|Any CPU.Build.0 = Release|Any CPU
	EndGlobalSection
	GlobalSection(SolutionProperties) = preSolution
		HideSolutionNode = FALSE
	EndGlobalSection
	GlobalSection(ExtensibilityGlobals) = postSolution
		SolutionGuid = {2BF132A4-D24C-4524-AA23-68F38441B564}
	EndGlobalSection
EndGlobal
